
Microsoft Visual Studio Solution File, Format Version 12.00
# Visual Studio Version 17
VisualStudioVersion = 17.7.34221.43
MinimumVisualStudioVersion = 10.0.40219.1
Project("{FAE04EC0-301F-11D3-BF4B-00C04F79EFBC}") = "proyectoFinal", "proyectoFinal\proyectoFinal.csproj", "{9123B2C5-E32E-4901-9B00-F7090E3F632A}"
EndProject
Project("{FAE04EC0-301F-11D3-BF4B-00C04F79EFBC}") = "CapaEntidad", "CapaPresentacion\CapaEntidad.csproj", "{973357A2-3BB6-44B3-98FC-C3B677D99557}"
EndProject
Project("{FAE04EC0-301F-11D3-BF4B-00C04F79EFBC}") = "CapaDatos", "CapaDatos\CapaDatos.csproj", "{6126E95D-6B80-4FC8-8412-73DE3E90734E}"
EndProject
Project("{FAE04EC0-301F-11D3-BF4B-00C04F79EFBC}") = "CapaOperacion", "CapaOperacion\CapaOperacion.csproj", "{9B6371FD-7E3E-4ED8-A938-31D338A498E8}"
EndProject
Global
	GlobalSection(SolutionConfigurationPlatforms) = preSolution
		Debug|Any CPU = Debug|Any CPU
		Release|Any CPU = Release|Any CPU
	EndGlobalSection
	GlobalSection(ProjectConfigurationPlatforms) = postSolution
		{9123B2C5-E32E-4901-9B00-F7090E3F632A}.Debug|Any CPU.ActiveCfg = Debug|Any CPU
		{9123B2C5-E32E-4901-9B00-F7090E3F632A}.Debug|Any CPU.Build.0 = Debug|Any CPU
		{9123B2C5-E32E-4901-9B00-F7090E3F632A}.Release|Any CPU.ActiveCfg = Release|Any CPU
		{9123B2C5-E32E-4901-9B00-F7090E3F632A}.Release|Any CPU.Build.0 = Release|Any CPU
		{973357A2-3BB6-44B3-98FC-C3B677D99557}.Debug|Any CPU.ActiveCfg = Debug|Any CPU
		{973357A2-3BB6-44B3-98FC-C3B677D99557}.Debug|Any CPU.Build.0 = Debug|Any CPU
		{973357A2-3BB6-44B3-98FC-C3B677D99557}.Release|Any CPU.ActiveCfg = Release|Any CPU
		{973357A2-3BB6-44B3-98FC-C3B677D99557}.Release|Any CPU.Build.0 = Release|Any CPU
		{6126E95D-6B80-4FC8-8412-73DE3E90734E}.Debug|Any CPU.ActiveCfg = Debug|Any CPU
		{6126E95D-6B80-4FC8-8412-73DE3E90734E}.Debug|Any CPU.Build.0 = Debug|Any CPU
		{6126E95D-6B80-4FC8-8412-73DE3E90734E}.Release|Any CPU.ActiveCfg = Release|Any CPU
		{6126E95D-6B80-4FC8-8412-73DE3E90734E}.Release|Any CPU.Build.0 = Release|Any CPU
		{9B6371FD-7E3E-4ED8-A938-31D338A498E8}.Debug|Any CPU.ActiveCfg = Debug|Any CPU
		{9B6371FD-7E3E-4ED8-A938-31D338A498E8}.Debug|Any CPU.Build.0 = Debug|Any CPU
		{9B6371FD-7E3E-4ED8-A938-31D338A498E8}.Release|Any CPU.ActiveCfg = Release|Any CPU
		{9B6371FD-7E3E-4ED8-A938-31D338A498E8}.Release|Any CPU.Build.0 = Release|Any CPU
	EndGlobalSection
	GlobalSection(SolutionProperties) = preSolution
		HideSolutionNode = FALSE
	EndGlobalSection
	GlobalSection(ExtensibilityGlobals) = postSolution
		SolutionGuid = {D507752A-C22D-4DFA-8EEC-04C3CE4A6567}
	EndGlobalSection
EndGlobal
