
Microsoft Visual Studio Solution File, Format Version 12.00
# Visual Studio Version 17
VisualStudioVersion = 17.7.34221.43
MinimumVisualStudioVersion = 10.0.40219.1
Project("{FAE04EC0-301F-11D3-BF4B-00C04F79EFBC}") = "proyectoFinal", "proyectoFinal\proyectoFinal.csproj", "{9123B2C5-E32E-4901-9B00-F7090E3F632A}"
EndProject
Global
	GlobalSection(SolutionConfigurationPlatforms) = preSolution
		Debug|Any CPU = Debug|Any CPU
		Release|Any CPU = Release|Any CPU
	EndGlobalSection
	GlobalSection(ProjectConfigurationPlatforms) = postSolution
		{9123B2C5-E32E-4901-9B00-F7090E3F632A}.Debug|Any CPU.ActiveCfg = Debug|Any CPU
		{9123B2C5-E32E-4901-9B00-F7090E3F632A}.Debug|Any CPU.Build.0 = Debug|Any CPU
		{9123B2C5-E32E-4901-9B00-F7090E3F632A}.Release|Any CPU.ActiveCfg = Release|Any CPU
		{9123B2C5-E32E-4901-9B00-F7090E3F632A}.Release|Any CPU.Build.0 = Release|Any CPU
	EndGlobalSection
	GlobalSection(SolutionProperties) = preSolution
		HideSolutionNode = FALSE
	EndGlobalSection
	GlobalSection(ExtensibilityGlobals) = postSolution
		SolutionGuid = {D507752A-C22D-4DFA-8EEC-04C3CE4A6567}
	EndGlobalSection
EndGlobal
